<?xml version="1.0" encoding="utf-8"?>
<Project ToolsVersion="4.0" xmlns="http://schemas.microsoft.com/developer/msbuild/2003">
  <ItemGroup>
    <Filter Include="Source Files">
      <UniqueIdentifier>{4FC737F1-C7A5-4376-A066-2A32D752A2FF}</UniqueIdentifier>
      <Extensions>cpp;c;cc;cxx;def;odl;idl;hpj;bat;asm;asmx</Extensions>
    </Filter>
    <Filter Include="Resource Files">
      <UniqueIdentifier>{67DA6AB6-F800-4c08-8B7A-83BB121AAD01}</UniqueIdentifier>
      <Extensions>rc;ico;cur;bmp;dlg;rc2;rct;bin;rgs;gif;jpg;jpeg;jpe;resx;tiff;tif;png;wav;mfcribbon-ms</Extensions>
    </Filter>
    <Filter Include="01. Core">
      <UniqueIdentifier>{0f5b3191-d02c-4db2-b592-b48004ea7839}</UniqueIdentifier>
    </Filter>
    <Filter Include="02. SceneScript">
      <UniqueIdentifier>{d331f728-7181-4202-a0ba-715c1f114564}</UniqueIdentifier>
    </Filter>
    <Filter Include="02. SceneScript\01. MainScene">
      <UniqueIdentifier>{e70bc765-d6f7-4a14-a88f-54966a55a552}</UniqueIdentifier>
    </Filter>
    <Filter Include="03. ObjectScript">
      <UniqueIdentifier>{74ea5fa9-f0ee-425d-9b16-2a3c555eac65}</UniqueIdentifier>
    </Filter>
    <Filter Include="Header Files">
      <UniqueIdentifier>{93995380-89BD-4b04-88EB-625FBE52EBFB}</UniqueIdentifier>
      <Extensions>h;hh;hpp;hxx;hm;inl;inc;xsd</Extensions>
    </Filter>
    <Filter Include="03. ObjectScript\03. Monster">
      <UniqueIdentifier>{c820685c-589e-41d4-9053-9cd62292f51e}</UniqueIdentifier>
    </Filter>
    <Filter Include="03. ObjectScript\01. Player">
      <UniqueIdentifier>{7c653d72-7e45-4aca-aa4f-07917dbea2c5}</UniqueIdentifier>
    </Filter>
    <Filter Include="03. ObjectScript\02. Bullet">
      <UniqueIdentifier>{359291bf-58ee-4130-8899-204b58781d49}</UniqueIdentifier>
    </Filter>
  </ItemGroup>
  <ItemGroup>
    <ClCompile Include="main.cpp">
      <Filter>Source Files</Filter>
    </ClCompile>
    <ClCompile Include="ClientCore.cpp">
      <Filter>01. Core</Filter>
    </ClCompile>
    <ClCompile Include="SceneScript\MainScene.cpp">
      <Filter>02. SceneScript\01. MainScene</Filter>
    </ClCompile>
    <ClCompile Include="ObjectScript\Monster.cpp">
      <Filter>03. ObjectScript\03. Monster</Filter>
    </ClCompile>
    <ClCompile Include="ObjectScript\Player.cpp">
      <Filter>03. ObjectScript\01. Player</Filter>
    </ClCompile>
    <ClCompile Include="ObjectScript\Bullet.cpp">
      <Filter>03. ObjectScript\02. Bullet</Filter>
    </ClCompile>
  </ItemGroup>
  <ItemGroup>
    <ClInclude Include="Client.h">
      <Filter>Header Files</Filter>
    </ClInclude>
    <ClInclude Include="resource.h">
      <Filter>Header Files</Filter>
    </ClInclude>
    <ClInclude Include="ClientCore.h">
      <Filter>01. Core</Filter>
    </ClInclude>
    <ClInclude Include="SceneScript\MainScene.h">
      <Filter>02. SceneScript\01. MainScene</Filter>
    </ClInclude>
    <ClInclude Include="ObjectScript\Monster.h">
      <Filter>03. ObjectScript\03. Monster</Filter>
    </ClInclude>
    <ClInclude Include="ObjectScript\Player.h">
      <Filter>03. ObjectScript\01. Player</Filter>
    </ClInclude>
    <ClInclude Include="ObjectScript\Bullet.h">
      <Filter>03. ObjectScript\02. Bullet</Filter>
    </ClInclude>
  </ItemGroup>
  <ItemGroup>
    <ResourceCompile Include="Client.rc">
      <Filter>Resource Files</Filter>
    </ResourceCompile>
  </ItemGroup>
  <ItemGroup>
    <Image Include="icon1.ico">
      <Filter>Resource Files</Filter>
    </Image>
  </ItemGroup>
</Project>