<?xml version="1.0" encoding="utf-8"?>
<Project ToolsVersion="4.0" xmlns="http://schemas.microsoft.com/developer/msbuild/2003">
  <ItemGroup>
    <Filter Include="Source Files">
      <UniqueIdentifier>{4FC737F1-C7A5-4376-A066-2A32D752A2FF}</UniqueIdentifier>
      <Extensions>cpp;c;cc;cxx;def;odl;idl;hpj;bat;asm;asmx</Extensions>
    </Filter>
    <Filter Include="Header Files">
      <UniqueIdentifier>{93995380-89BD-4b04-88EB-625FBE52EBFB}</UniqueIdentifier>
      <Extensions>h;hh;hpp;hxx;hm;inl;inc;xsd</Extensions>
    </Filter>
    <Filter Include="Resource Files">
      <UniqueIdentifier>{67DA6AB6-F800-4c08-8B7A-83BB121AAD01}</UniqueIdentifier>
      <Extensions>rc;ico;cur;bmp;dlg;rc2;rct;bin;rgs;gif;jpg;jpeg;jpe;resx;tiff;tif;png;wav;mfcribbon-ms</Extensions>
    </Filter>
    <Filter Include="01. Core">
      <UniqueIdentifier>{33a95ef2-91fa-4347-a312-990557b0054f}</UniqueIdentifier>
    </Filter>
    <Filter Include="02. SceneScript">
      <UniqueIdentifier>{fc507584-0424-4f31-b37b-422054cfd542}</UniqueIdentifier>
    </Filter>
    <Filter Include="02. SceneScript\01. MainScene">
      <UniqueIdentifier>{dcc60c33-4d90-4740-b941-ed8c03bd86bf}</UniqueIdentifier>
    </Filter>
    <Filter Include="03. ObjectScript">
      <UniqueIdentifier>{e5365640-66dd-414e-93ac-6a25bc19a74f}</UniqueIdentifier>
    </Filter>
    <Filter Include="03. ObjectScript\01. Player">
      <UniqueIdentifier>{ee9a90d6-8f74-45bc-b599-980529c1ebae}</UniqueIdentifier>
    </Filter>
    <Filter Include="03. ObjectScript\02. Bullet">
      <UniqueIdentifier>{bbaa02bd-baf7-44ce-ae0a-a74273995c85}</UniqueIdentifier>
    </Filter>
    <Filter Include="03. ObjectScript\03. Monster">
      <UniqueIdentifier>{4ad95a03-7136-401f-ab33-dc766aa57d58}</UniqueIdentifier>
    </Filter>
    <Filter Include="03. ObjectScript\04. Skill">
      <UniqueIdentifier>{572d83e2-02ce-4104-acda-76aba246d2b3}</UniqueIdentifier>
    </Filter>
    <Filter Include="03. ObjectScript\05. Invisible">
      <UniqueIdentifier>{87bb0248-90cc-4d27-97ff-6a7f5ba3b659}</UniqueIdentifier>
    </Filter>
  </ItemGroup>
  <ItemGroup>
    <ClCompile Include="main.cpp">
      <Filter>Source Files</Filter>
    </ClCompile>
    <ClCompile Include="ClientCore.cpp">
      <Filter>01. Core</Filter>
    </ClCompile>
    <ClCompile Include="SceneScript\MainScene.cpp">
      <Filter>02. SceneScript\01. MainScene</Filter>
    </ClCompile>
    <ClCompile Include="ObjectScript\Player.cpp">
      <Filter>03. ObjectScript\01. Player</Filter>
    </ClCompile>
    <ClCompile Include="ObjectScript\Bullet.cpp">
      <Filter>03. ObjectScript\02. Bullet</Filter>
    </ClCompile>
    <ClCompile Include="ObjectScript\Monster.cpp">
      <Filter>03. ObjectScript\03. Monster</Filter>
    </ClCompile>
    <ClCompile Include="ObjectScript\Skill2.cpp">
      <Filter>03. ObjectScript\04. Skill</Filter>
    </ClCompile>
    <ClCompile Include="ObjectScript\Skill4.cpp">
      <Filter>03. ObjectScript\04. Skill</Filter>
    </ClCompile>
    <ClCompile Include="ObjectScript\InvisibleObject.cpp">
      <Filter>03. ObjectScript\05. Invisible</Filter>
    </ClCompile>
  </ItemGroup>
  <ItemGroup>
    <ClInclude Include="Client.h">
      <Filter>Header Files</Filter>
    </ClInclude>
    <ClInclude Include="resource.h">
      <Filter>Header Files</Filter>
    </ClInclude>
    <ClInclude Include="ClientCore.h">
      <Filter>01. Core</Filter>
    </ClInclude>
    <ClInclude Include="SceneScript\MainScene.h">
      <Filter>02. SceneScript\01. MainScene</Filter>
    </ClInclude>
    <ClInclude Include="ObjectScript\Player.h">
      <Filter>03. ObjectScript\01. Player</Filter>
    </ClInclude>
    <ClInclude Include="ObjectScript\Bullet.h">
      <Filter>03. ObjectScript\02. Bullet</Filter>
    </ClInclude>
    <ClInclude Include="ObjectScript\Monster.h">
      <Filter>03. ObjectScript\03. Monster</Filter>
    </ClInclude>
    <ClInclude Include="ObjectScript\Skill2.h">
      <Filter>03. ObjectScript\04. Skill</Filter>
    </ClInclude>
    <ClInclude Include="ObjectScript\Skill4.h">
      <Filter>03. ObjectScript\04. Skill</Filter>
    </ClInclude>
    <ClInclude Include="ObjectScript\InvisibleObject.h">
      <Filter>03. ObjectScript\05. Invisible</Filter>
    </ClInclude>
  </ItemGroup>
  <ItemGroup>
    <ResourceCompile Include="Client.rc">
      <Filter>Resource Files</Filter>
    </ResourceCompile>
  </ItemGroup>
  <ItemGroup>
    <Image Include="icon1.ico">
      <Filter>Resource Files</Filter>
    </Image>
  </ItemGroup>
</Project>