<?xml version="1.0" encoding="utf-8"?>
<Project ToolsVersion="4.0" xmlns="http://schemas.microsoft.com/developer/msbuild/2003">
  <ItemGroup>
    <Filter Include="소스 파일">
      <UniqueIdentifier>{4FC737F1-C7A5-4376-A066-2A32D752A2FF}</UniqueIdentifier>
      <Extensions>cpp;c;cc;cxx;def;odl;idl;hpj;bat;asm;asmx</Extensions>
    </Filter>
    <Filter Include="헤더 파일">
      <UniqueIdentifier>{93995380-89BD-4b04-88EB-625FBE52EBFB}</UniqueIdentifier>
      <Extensions>h;hh;hpp;hxx;hm;inl;inc;xsd</Extensions>
    </Filter>
    <Filter Include="리소스 파일">
      <UniqueIdentifier>{67DA6AB6-F800-4c08-8B7A-83BB121AAD01}</UniqueIdentifier>
      <Extensions>rc;ico;cur;bmp;dlg;rc2;rct;bin;rgs;gif;jpg;jpeg;jpe;resx;tiff;tif;png;wav;mfcribbon-ms</Extensions>
    </Filter>
    <Filter Include="01. NetworkHeader">
      <UniqueIdentifier>{1e8f24b1-08c5-428a-af4f-21f4b95576a4}</UniqueIdentifier>
    </Filter>
    <Filter Include="02. EventSelect">
      <UniqueIdentifier>{5d544e62-5a68-4fbc-91ab-8e89f98de618}</UniqueIdentifier>
    </Filter>
  </ItemGroup>
  <ItemGroup>
    <Text Include="ReadMe.txt" />
  </ItemGroup>
  <ItemGroup>
    <ClInclude Include="Launcher.h">
      <Filter>헤더 파일</Filter>
    </ClInclude>
    <ClInclude Include="stdafx.h">
      <Filter>헤더 파일</Filter>
    </ClInclude>
    <ClInclude Include="targetver.h">
      <Filter>헤더 파일</Filter>
    </ClInclude>
    <ClInclude Include="MainFrm.h">
      <Filter>헤더 파일</Filter>
    </ClInclude>
    <ClInclude Include="LauncherDoc.h">
      <Filter>헤더 파일</Filter>
    </ClInclude>
    <ClInclude Include="LauncherView.h">
      <Filter>헤더 파일</Filter>
    </ClInclude>
    <ClInclude Include="Resource.h">
      <Filter>헤더 파일</Filter>
    </ClInclude>
    <ClInclude Include="LauncherValue.h">
      <Filter>헤더 파일</Filter>
    </ClInclude>
    <ClInclude Include="LoginForm.h">
      <Filter>헤더 파일</Filter>
    </ClInclude>
    <ClInclude Include="MemberShipDlg.h">
      <Filter>헤더 파일</Filter>
    </ClInclude>
    <ClInclude Include="NetworkHeader\Include.h">
      <Filter>01. NetworkHeader</Filter>
    </ClInclude>
    <ClInclude Include="NetworkHeader\ZEROCircularQueue.h">
      <Filter>01. NetworkHeader</Filter>
    </ClInclude>
    <ClInclude Include="NetworkHeader\ZEROClient.h">
      <Filter>01. NetworkHeader</Filter>
    </ClInclude>
    <ClInclude Include="NetworkHeader\ZEROClientSession.h">
      <Filter>01. NetworkHeader</Filter>
    </ClInclude>
    <ClInclude Include="NetworkHeader\ZEROCriticalSection.h">
      <Filter>01. NetworkHeader</Filter>
    </ClInclude>
    <ClInclude Include="NetworkHeader\ZEROCrypt.h">
      <Filter>01. NetworkHeader</Filter>
    </ClInclude>
    <ClInclude Include="NetworkHeader\ZEROEventSelect.h">
      <Filter>01. NetworkHeader</Filter>
    </ClInclude>
    <ClInclude Include="NetworkHeader\ZEROIocp.h">
      <Filter>01. NetworkHeader</Filter>
    </ClInclude>
    <ClInclude Include="NetworkHeader\ZEROLog.h">
      <Filter>01. NetworkHeader</Filter>
    </ClInclude>
    <ClInclude Include="NetworkHeader\ZEROMemoryLeak.h">
      <Filter>01. NetworkHeader</Filter>
    </ClInclude>
    <ClInclude Include="NetworkHeader\ZEROMemoryPool.h">
      <Filter>01. NetworkHeader</Filter>
    </ClInclude>
    <ClInclude Include="NetworkHeader\ZEROMultiThreadSync.h">
      <Filter>01. NetworkHeader</Filter>
    </ClInclude>
    <ClInclude Include="NetworkHeader\ZERONetworkSession.h">
      <Filter>01. NetworkHeader</Filter>
    </ClInclude>
    <ClInclude Include="NetworkHeader\ZEROPacketSession.h">
      <Filter>01. NetworkHeader</Filter>
    </ClInclude>
    <ClInclude Include="NetworkHeader\ZEROStream.h">
      <Filter>01. NetworkHeader</Filter>
    </ClInclude>
    <ClInclude Include="LoginNetwork.h">
      <Filter>02. EventSelect</Filter>
    </ClInclude>
    <ClInclude Include="NetworkManager.h">
      <Filter>02. EventSelect</Filter>
    </ClInclude>
  </ItemGroup>
  <ItemGroup>
    <ClCompile Include="Launcher.cpp">
      <Filter>소스 파일</Filter>
    </ClCompile>
    <ClCompile Include="stdafx.cpp">
      <Filter>소스 파일</Filter>
    </ClCompile>
    <ClCompile Include="MainFrm.cpp">
      <Filter>소스 파일</Filter>
    </ClCompile>
    <ClCompile Include="LauncherDoc.cpp">
      <Filter>소스 파일</Filter>
    </ClCompile>
    <ClCompile Include="LauncherView.cpp">
      <Filter>소스 파일</Filter>
    </ClCompile>
    <ClCompile Include="LoginForm.cpp">
      <Filter>소스 파일</Filter>
    </ClCompile>
    <ClCompile Include="MemberShipDlg.cpp">
      <Filter>소스 파일</Filter>
    </ClCompile>
    <ClCompile Include="LoginNetwork.cpp">
      <Filter>02. EventSelect</Filter>
    </ClCompile>
    <ClCompile Include="NetworkManager.cpp">
      <Filter>02. EventSelect</Filter>
    </ClCompile>
  </ItemGroup>
  <ItemGroup>
    <ResourceCompile Include="Launcher.rc">
      <Filter>리소스 파일</Filter>
    </ResourceCompile>
  </ItemGroup>
  <ItemGroup>
    <None Include="res\Launcher.rc2">
      <Filter>리소스 파일</Filter>
    </None>
  </ItemGroup>
  <ItemGroup>
    <Image Include="res\LauncherDoc.ico">
      <Filter>리소스 파일</Filter>
    </Image>
    <Image Include="res\Launcher.ico">
      <Filter>리소스 파일</Filter>
    </Image>
    <Image Include="Lineage3.bmp">
      <Filter>리소스 파일</Filter>
    </Image>
  </ItemGroup>
</Project>