
Microsoft Visual Studio Solution File, Format Version 12.00
# Visual Studio 14
VisualStudioVersion = 14.0.25420.1
MinimumVisualStudioVersion = 10.0.40219.1
Project("{2150E333-8FDC-42A3-9474-1A3956D46DE8}") = "01. Client", "01. Client", "{56E703F3-8B45-41A0-8F6E-06AFE2A0EE6C}"
EndProject
Project("{2150E333-8FDC-42A3-9474-1A3956D46DE8}") = "02. Engine", "02. Engine", "{BD68CD4C-5D26-4D81-85E3-7B70261E631C}"
EndProject
Project("{2150E333-8FDC-42A3-9474-1A3956D46DE8}") = "03. Tools", "03. Tools", "{B0CA472E-16F1-47D3-B1E7-0D0B94B9BF0A}"
EndProject
Project("{2150E333-8FDC-42A3-9474-1A3956D46DE8}") = "04. Network", "04. Network", "{4638669E-F1F0-4345-8CFF-41133EC93CC6}"
EndProject
Project("{8BC9CEB8-8B4A-11D0-8D11-00A0C91BC942}") = "Dx11Engine", "Dx11Engine\Include\Dx11Engine.vcxproj", "{EBA3118E-7AB1-4145-9515-CC971A7E5335}"
EndProject
Project("{8BC9CEB8-8B4A-11D0-8D11-00A0C91BC942}") = "Client", "Client\Include\Client.vcxproj", "{1AF0A3BE-E1A1-4A51-B70B-4297B28D98D6}"
EndProject
Global
	GlobalSection(SolutionConfigurationPlatforms) = preSolution
		Debug|x64 = Debug|x64
		Debug|x86 = Debug|x86
		Release|x64 = Release|x64
		Release|x86 = Release|x86
	EndGlobalSection
	GlobalSection(ProjectConfigurationPlatforms) = postSolution
		{EBA3118E-7AB1-4145-9515-CC971A7E5335}.Debug|x64.ActiveCfg = Debug|x64
		{EBA3118E-7AB1-4145-9515-CC971A7E5335}.Debug|x64.Build.0 = Debug|x64
		{EBA3118E-7AB1-4145-9515-CC971A7E5335}.Debug|x86.ActiveCfg = Debug|Win32
		{EBA3118E-7AB1-4145-9515-CC971A7E5335}.Debug|x86.Build.0 = Debug|Win32
		{EBA3118E-7AB1-4145-9515-CC971A7E5335}.Release|x64.ActiveCfg = Release|x64
		{EBA3118E-7AB1-4145-9515-CC971A7E5335}.Release|x64.Build.0 = Release|x64
		{EBA3118E-7AB1-4145-9515-CC971A7E5335}.Release|x86.ActiveCfg = Release|Win32
		{EBA3118E-7AB1-4145-9515-CC971A7E5335}.Release|x86.Build.0 = Release|Win32
		{1AF0A3BE-E1A1-4A51-B70B-4297B28D98D6}.Debug|x64.ActiveCfg = Debug|x64
		{1AF0A3BE-E1A1-4A51-B70B-4297B28D98D6}.Debug|x64.Build.0 = Debug|x64
		{1AF0A3BE-E1A1-4A51-B70B-4297B28D98D6}.Debug|x86.ActiveCfg = Debug|Win32
		{1AF0A3BE-E1A1-4A51-B70B-4297B28D98D6}.Debug|x86.Build.0 = Debug|Win32
		{1AF0A3BE-E1A1-4A51-B70B-4297B28D98D6}.Release|x64.ActiveCfg = Release|x64
		{1AF0A3BE-E1A1-4A51-B70B-4297B28D98D6}.Release|x64.Build.0 = Release|x64
		{1AF0A3BE-E1A1-4A51-B70B-4297B28D98D6}.Release|x86.ActiveCfg = Release|Win32
		{1AF0A3BE-E1A1-4A51-B70B-4297B28D98D6}.Release|x86.Build.0 = Release|Win32
	EndGlobalSection
	GlobalSection(SolutionProperties) = preSolution
		HideSolutionNode = FALSE
	EndGlobalSection
	GlobalSection(NestedProjects) = preSolution
		{EBA3118E-7AB1-4145-9515-CC971A7E5335} = {BD68CD4C-5D26-4D81-85E3-7B70261E631C}
		{1AF0A3BE-E1A1-4A51-B70B-4297B28D98D6} = {56E703F3-8B45-41A0-8F6E-06AFE2A0EE6C}
	EndGlobalSection
EndGlobal
