<?xml version="1.0" encoding="utf-8"?>
<Project ToolsVersion="4.0" xmlns="http://schemas.microsoft.com/developer/msbuild/2003">
  <ItemGroup>
    <Filter Include="Source Files">
      <UniqueIdentifier>{4FC737F1-C7A5-4376-A066-2A32D752A2FF}</UniqueIdentifier>
      <Extensions>cpp;c;cc;cxx;def;odl;idl;hpj;bat;asm;asmx</Extensions>
    </Filter>
    <Filter Include="Header Files">
      <UniqueIdentifier>{93995380-89BD-4b04-88EB-625FBE52EBFB}</UniqueIdentifier>
      <Extensions>h;hh;hpp;hxx;hm;inl;inc;xsd</Extensions>
    </Filter>
    <Filter Include="Resource Files">
      <UniqueIdentifier>{67DA6AB6-F800-4c08-8B7A-83BB121AAD01}</UniqueIdentifier>
      <Extensions>rc;ico;cur;bmp;dlg;rc2;rct;bin;rgs;gif;jpg;jpeg;jpe;resx;tiff;tif;png;wav;mfcribbon-ms</Extensions>
    </Filter>
    <Filter Include="01. Core">
      <UniqueIdentifier>{33a95ef2-91fa-4347-a312-990557b0054f}</UniqueIdentifier>
    </Filter>
    <Filter Include="02. Logo">
      <UniqueIdentifier>{79e1d939-9b85-4cf5-8e9a-5773b9cec175}</UniqueIdentifier>
    </Filter>
    <Filter Include="03. Login">
      <UniqueIdentifier>{a6c94133-5cad-4e14-bfaf-5e1cd83f2f87}</UniqueIdentifier>
    </Filter>
    <Filter Include="04. InGame">
      <UniqueIdentifier>{f1a7d7fa-01c4-457c-a83b-e9de02e32345}</UniqueIdentifier>
    </Filter>
    <Filter Include="04. InGame\02. Object">
      <UniqueIdentifier>{5e6a2b25-2d19-4f65-93f4-fb71657d1e49}</UniqueIdentifier>
    </Filter>
    <Filter Include="04. InGame\01. Scene">
      <UniqueIdentifier>{c986c286-11ce-4b4f-b060-fa23070d7e76}</UniqueIdentifier>
    </Filter>
    <Filter Include="04. InGame\02. Object\01. Player">
      <UniqueIdentifier>{5b5954e8-dd76-4ec7-9624-4a2c7d63395c}</UniqueIdentifier>
    </Filter>
    <Filter Include="04. InGame\02. Object\01. Player\01. Player Init">
      <UniqueIdentifier>{90d06d90-c3aa-4974-88ba-6126ddd8c3b3}</UniqueIdentifier>
    </Filter>
    <Filter Include="04. InGame\02. Object\01. Player\02. Player Mesh">
      <UniqueIdentifier>{7ddb144c-bacc-453d-b10c-f1c093257350}</UniqueIdentifier>
    </Filter>
    <Filter Include="04. InGame\02. Object\01. Player\03. Player Camera">
      <UniqueIdentifier>{74ad431d-3665-4a2e-9dd0-9d6e116de708}</UniqueIdentifier>
    </Filter>
  </ItemGroup>
  <ItemGroup>
    <ClCompile Include="ClientCore.cpp">
      <Filter>01. Core</Filter>
    </ClCompile>
    <ClCompile Include="Logo\LogoScene.cpp">
      <Filter>02. Logo</Filter>
    </ClCompile>
    <ClCompile Include="main.cpp">
      <Filter>Source Files</Filter>
    </ClCompile>
    <ClCompile Include="InGame\InGameScene.cpp">
      <Filter>04. InGame\01. Scene</Filter>
    </ClCompile>
    <ClCompile Include="InGame\PlayerInitSC.cpp">
      <Filter>04. InGame\02. Object\01. Player\01. Player Init</Filter>
    </ClCompile>
    <ClCompile Include="InGame\PlayerMeshSC.cpp">
      <Filter>04. InGame\02. Object\01. Player\02. Player Mesh</Filter>
    </ClCompile>
    <ClCompile Include="InGame\PlayerCameraSC.cpp">
      <Filter>04. InGame\02. Object\01. Player\03. Player Camera</Filter>
    </ClCompile>
  </ItemGroup>
  <ItemGroup>
    <ClInclude Include="Client.h">
      <Filter>Header Files</Filter>
    </ClInclude>
    <ClInclude Include="resource.h">
      <Filter>Header Files</Filter>
    </ClInclude>
    <ClInclude Include="ClientCore.h">
      <Filter>01. Core</Filter>
    </ClInclude>
    <ClInclude Include="Logo\LogoScene.h">
      <Filter>02. Logo</Filter>
    </ClInclude>
    <ClInclude Include="InGame\InGameScene.h">
      <Filter>04. InGame\01. Scene</Filter>
    </ClInclude>
    <ClInclude Include="InGame\PlayerInitSC.h">
      <Filter>04. InGame\02. Object\01. Player\01. Player Init</Filter>
    </ClInclude>
    <ClInclude Include="InGame\PlayerMeshSC.h">
      <Filter>04. InGame\02. Object\01. Player\02. Player Mesh</Filter>
    </ClInclude>
    <ClInclude Include="InGame\PlayerCameraSC.h">
      <Filter>04. InGame\02. Object\01. Player\03. Player Camera</Filter>
    </ClInclude>
  </ItemGroup>
  <ItemGroup>
    <ResourceCompile Include="Client.rc">
      <Filter>Resource Files</Filter>
    </ResourceCompile>
  </ItemGroup>
  <ItemGroup>
    <Image Include="icon1.ico">
      <Filter>Resource Files</Filter>
    </Image>
  </ItemGroup>
</Project>