<?xml version="1.0" encoding="utf-8"?>
<Project ToolsVersion="4.0" xmlns="http://schemas.microsoft.com/developer/msbuild/2003">
  <ItemGroup>
    <Filter Include="소스 파일">
      <UniqueIdentifier>{4FC737F1-C7A5-4376-A066-2A32D752A2FF}</UniqueIdentifier>
      <Extensions>cpp;c;cc;cxx;def;odl;idl;hpj;bat;asm;asmx</Extensions>
    </Filter>
    <Filter Include="헤더 파일">
      <UniqueIdentifier>{93995380-89BD-4b04-88EB-625FBE52EBFB}</UniqueIdentifier>
      <Extensions>h;hh;hpp;hxx;hm;inl;inc;xsd</Extensions>
    </Filter>
    <Filter Include="리소스 파일">
      <UniqueIdentifier>{67DA6AB6-F800-4c08-8B7A-83BB121AAD01}</UniqueIdentifier>
      <Extensions>rc;ico;cur;bmp;dlg;rc2;rct;bin;rgs;gif;jpg;jpeg;jpe;resx;tiff;tif;png;wav;mfcribbon-ms</Extensions>
    </Filter>
    <Filter Include="01. NetworkSession">
      <UniqueIdentifier>{d39958aa-aaff-4efe-8ff6-8220de6f7a94}</UniqueIdentifier>
    </Filter>
    <Filter Include="02. PacketSession">
      <UniqueIdentifier>{7bfc5dde-a55d-460a-9ef9-28902f4d81b6}</UniqueIdentifier>
    </Filter>
    <Filter Include="03. IOCP">
      <UniqueIdentifier>{915cdecd-e5f8-4ca3-a30b-8e3556e3a062}</UniqueIdentifier>
    </Filter>
  </ItemGroup>
  <ItemGroup>
    <ClInclude Include="NetworkSession.h">
      <Filter>01. NetworkSession</Filter>
    </ClInclude>
    <ClInclude Include="Include.h">
      <Filter>헤더 파일</Filter>
    </ClInclude>
    <ClInclude Include="Type.h">
      <Filter>헤더 파일</Filter>
    </ClInclude>
    <ClInclude Include="PacketSession.h">
      <Filter>02. PacketSession</Filter>
    </ClInclude>
    <ClInclude Include="Iocp.h">
      <Filter>03. IOCP</Filter>
    </ClInclude>
  </ItemGroup>
  <ItemGroup>
    <ClCompile Include="NetworkSession.cpp">
      <Filter>01. NetworkSession</Filter>
    </ClCompile>
    <ClCompile Include="PacketSession.cpp">
      <Filter>02. PacketSession</Filter>
    </ClCompile>
    <ClCompile Include="Iocp.cpp">
      <Filter>03. IOCP</Filter>
    </ClCompile>
  </ItemGroup>
  <ItemGroup>
    <None Include="ClassDiagram.cd" />
  </ItemGroup>
</Project>