<?xml version="1.0" encoding="utf-8"?>
<Project ToolsVersion="4.0" xmlns="http://schemas.microsoft.com/developer/msbuild/2003">
  <ItemGroup>
    <Filter Include="02. Core">
      <UniqueIdentifier>{90d9058c-e8fa-4add-8448-485b6f08ef52}</UniqueIdentifier>
    </Filter>
    <Filter Include="02. Core\01. Base">
      <UniqueIdentifier>{d4b02949-ded0-4e51-8589-cef27059286a}</UniqueIdentifier>
    </Filter>
    <Filter Include="02. Core\02. Window">
      <UniqueIdentifier>{eaef2aa6-8a34-4939-bb7c-5d5ad7c7f107}</UniqueIdentifier>
    </Filter>
    <Filter Include="02. Core\03. Device">
      <UniqueIdentifier>{9e68edb8-4af1-492e-94a2-6e15d7c18fd8}</UniqueIdentifier>
    </Filter>
    <Filter Include="02. Core\04. Timer">
      <UniqueIdentifier>{e8fa3c91-f2ee-4a1e-b5c9-cad725797631}</UniqueIdentifier>
    </Filter>
    <Filter Include="02. Core\05. Debug">
      <UniqueIdentifier>{0311baff-3eb5-4afe-824b-106a53e79562}</UniqueIdentifier>
    </Filter>
    <Filter Include="02. Core\06. File">
      <UniqueIdentifier>{02caea6a-dad9-4962-ae27-a8f6b891b31f}</UniqueIdentifier>
    </Filter>
    <Filter Include="02. Core\07. Input">
      <UniqueIdentifier>{1af62efb-03b6-45d4-85b7-a591721134e7}</UniqueIdentifier>
    </Filter>
    <Filter Include="02. Core\08. Scheduler">
      <UniqueIdentifier>{054cb6bd-c7e7-433c-91fb-da48bfebc880}</UniqueIdentifier>
    </Filter>
    <Filter Include="01. Common">
      <UniqueIdentifier>{107a667f-4f12-40fb-a764-b1f3d75ed20e}</UniqueIdentifier>
    </Filter>
    <Filter Include="04. Rendering">
      <UniqueIdentifier>{31b481f5-dd9b-4d5b-bb75-242821ac5748}</UniqueIdentifier>
    </Filter>
    <Filter Include="04. Rendering\01. Base">
      <UniqueIdentifier>{9bb04d85-a611-4aa7-8772-ea8c4b31bd32}</UniqueIdentifier>
    </Filter>
    <Filter Include="04. Rendering\02. Shader">
      <UniqueIdentifier>{bc9821f4-67ab-4a70-b75f-10a50207fbee}</UniqueIdentifier>
    </Filter>
    <Filter Include="04. Rendering\02. Shader\HLSL">
      <UniqueIdentifier>{19faf692-0ff4-4294-9bdc-15937d238127}</UniqueIdentifier>
    </Filter>
    <Filter Include="04. Rendering\03. RenderState">
      <UniqueIdentifier>{fa10e514-7184-4b4d-9031-c32bd91dd981}</UniqueIdentifier>
    </Filter>
    <Filter Include="05. Scene">
      <UniqueIdentifier>{764be46c-148e-4b0f-84fa-b766288f72e0}</UniqueIdentifier>
    </Filter>
    <Filter Include="05. Scene\01. Scene">
      <UniqueIdentifier>{7f4f7416-0a9d-49e4-9f79-f3b4ea2a09f2}</UniqueIdentifier>
    </Filter>
    <Filter Include="05. Scene\02. Layer">
      <UniqueIdentifier>{4d98b49d-5c9c-4a25-af5e-2bd9d118e7ac}</UniqueIdentifier>
    </Filter>
    <Filter Include="06. GameObject">
      <UniqueIdentifier>{f5ca58cc-da35-4617-b93f-6e60706e66e3}</UniqueIdentifier>
    </Filter>
    <Filter Include="08. AI">
      <UniqueIdentifier>{5aaa5395-0c21-437f-8c52-82c04a9808c9}</UniqueIdentifier>
    </Filter>
    <Filter Include="09. QuadTree">
      <UniqueIdentifier>{30450e7a-a2c0-43b5-8f85-05a52087c032}</UniqueIdentifier>
    </Filter>
    <Filter Include="07. Component">
      <UniqueIdentifier>{4655a86d-1612-4322-8103-6c49ad5181f3}</UniqueIdentifier>
    </Filter>
    <Filter Include="07. Component\01. Base">
      <UniqueIdentifier>{f9464713-0f44-48ae-8ff6-24ee641fb92e}</UniqueIdentifier>
    </Filter>
    <Filter Include="07. Component\02. Transform">
      <UniqueIdentifier>{737da2c0-a9b9-409f-ab70-dac711804782}</UniqueIdentifier>
    </Filter>
    <Filter Include="07. Component\03. Renerder">
      <UniqueIdentifier>{bc19dfe6-10b7-425c-b92d-692f92739299}</UniqueIdentifier>
    </Filter>
    <Filter Include="07. Component\04. Script">
      <UniqueIdentifier>{f0910e0d-981a-495e-afc8-4571d6969d2b}</UniqueIdentifier>
    </Filter>
    <Filter Include="07. Component\05. Camera">
      <UniqueIdentifier>{424f7b0e-3815-4443-be2c-a74b97ce7b7b}</UniqueIdentifier>
    </Filter>
    <Filter Include="07. Component\06. Material">
      <UniqueIdentifier>{6ac079da-7d44-4559-ae6c-50e42bb54746}</UniqueIdentifier>
    </Filter>
    <Filter Include="07. Component\07. Light">
      <UniqueIdentifier>{cf035907-0c37-4c09-83a8-ab00a3fd71ba}</UniqueIdentifier>
    </Filter>
    <Filter Include="07. Component\08. Collider">
      <UniqueIdentifier>{9a08f9aa-2a21-4a19-a5f0-60510f196159}</UniqueIdentifier>
    </Filter>
    <Filter Include="07. Component\09. UI">
      <UniqueIdentifier>{3d2e4eaa-63dc-41d8-8f15-d0c6a0162db3}</UniqueIdentifier>
    </Filter>
    <Filter Include="07. Component\10. Mouse">
      <UniqueIdentifier>{bda86a9c-d6fa-4448-9b56-9396afd7de2d}</UniqueIdentifier>
    </Filter>
    <Filter Include="07. Component\11. BillBoard">
      <UniqueIdentifier>{144e441f-e443-43f9-bbbf-9b8ce8e95515}</UniqueIdentifier>
    </Filter>
    <Filter Include="07. Component\12. Animation">
      <UniqueIdentifier>{c73141ef-2206-48d2-833e-85e9d992e50e}</UniqueIdentifier>
    </Filter>
    <Filter Include="07. Component\13. Terrian">
      <UniqueIdentifier>{6cee286e-74f6-4fc8-a7cf-90d17eb97f3d}</UniqueIdentifier>
    </Filter>
    <Filter Include="07. Component\14. FSM">
      <UniqueIdentifier>{c9000ed5-e63e-4e2b-965f-f920a2796cf6}</UniqueIdentifier>
    </Filter>
    <Filter Include="03. Resources">
      <UniqueIdentifier>{7585437c-fcb5-4010-a9ba-0ce9ef5a412d}</UniqueIdentifier>
    </Filter>
    <Filter Include="03. Resources\02. Mesh">
      <UniqueIdentifier>{815e7aa9-89fc-4742-9ca4-a45f76da8a7e}</UniqueIdentifier>
    </Filter>
    <Filter Include="03. Resources\03. Texture">
      <UniqueIdentifier>{6479fabc-0b37-4579-97ec-deb54a6556e2}</UniqueIdentifier>
    </Filter>
    <Filter Include="03. Resources\01. Base">
      <UniqueIdentifier>{06249340-8ff4-4687-afdf-8a4bda1090e7}</UniqueIdentifier>
    </Filter>
    <Filter Include="02. Core\09. CollisionManager">
      <UniqueIdentifier>{c84e6850-d5c5-45d9-9b10-bb4db71014f8}</UniqueIdentifier>
    </Filter>
  </ItemGroup>
  <ItemGroup>
    <ClCompile Include="Component\Dx11Component.cpp">
      <Filter>07. Component\01. Base</Filter>
    </ClCompile>
    <ClCompile Include="Component\Dx11Animation2D.cpp">
      <Filter>07. Component\12. Animation</Filter>
    </ClCompile>
    <ClCompile Include="Component\Dx11Animation3D.cpp">
      <Filter>07. Component\12. Animation</Filter>
    </ClCompile>
    <ClCompile Include="Component\Dx11AnimationClip.cpp">
      <Filter>07. Component\12. Animation</Filter>
    </ClCompile>
    <ClCompile Include="Component\Dx11BillBoard.cpp">
      <Filter>07. Component\11. BillBoard</Filter>
    </ClCompile>
    <ClCompile Include="Component\Dx11Camera.cpp">
      <Filter>07. Component\05. Camera</Filter>
    </ClCompile>
    <ClCompile Include="Component\Dx11Camera3rd.cpp">
      <Filter>07. Component\05. Camera</Filter>
    </ClCompile>
    <ClCompile Include="Component\Dx11Collider.cpp">
      <Filter>07. Component\08. Collider</Filter>
    </ClCompile>
    <ClCompile Include="Component\Dx11ColliderPoint.cpp">
      <Filter>07. Component\08. Collider</Filter>
    </ClCompile>
    <ClCompile Include="Component\Dx11ColliderRay.cpp">
      <Filter>07. Component\08. Collider</Filter>
    </ClCompile>
    <ClCompile Include="Component\Dx11ColliderRC.cpp">
      <Filter>07. Component\08. Collider</Filter>
    </ClCompile>
    <ClCompile Include="Component\Dx11ColliderSphere.cpp">
      <Filter>07. Component\08. Collider</Filter>
    </ClCompile>
    <ClCompile Include="Component\Dx11ColliderTerrain.cpp">
      <Filter>07. Component\08. Collider</Filter>
    </ClCompile>
    <ClCompile Include="Component\Dx11Light.cpp">
      <Filter>07. Component\07. Light</Filter>
    </ClCompile>
    <ClCompile Include="Component\Dx11LightDir.cpp">
      <Filter>07. Component\07. Light</Filter>
    </ClCompile>
    <ClCompile Include="Component\Dx11LightPoint.cpp">
      <Filter>07. Component\07. Light</Filter>
    </ClCompile>
    <ClCompile Include="Component\Dx11Material.cpp">
      <Filter>07. Component\06. Material</Filter>
    </ClCompile>
    <ClCompile Include="Component\Dx11Mouse.cpp">
      <Filter>07. Component\10. Mouse</Filter>
    </ClCompile>
    <ClCompile Include="Component\Dx11Renderer.cpp">
      <Filter>07. Component\03. Renerder</Filter>
    </ClCompile>
    <ClCompile Include="Component\Dx11Script.cpp">
      <Filter>07. Component\04. Script</Filter>
    </ClCompile>
    <ClCompile Include="Component\Dx11Terrain.cpp">
      <Filter>07. Component\13. Terrian</Filter>
    </ClCompile>
    <ClCompile Include="Component\Dx11Transform.cpp">
      <Filter>07. Component\02. Transform</Filter>
    </ClCompile>
    <ClCompile Include="Component\Dx11UI.cpp">
      <Filter>07. Component\09. UI</Filter>
    </ClCompile>
    <ClCompile Include="Component\Dx11UIBar.cpp">
      <Filter>07. Component\09. UI</Filter>
    </ClCompile>
    <ClCompile Include="Component\Dx11UIButton.cpp">
      <Filter>07. Component\09. UI</Filter>
    </ClCompile>
    <ClCompile Include="Component\Dx11UIIcon.cpp">
      <Filter>07. Component\09. UI</Filter>
    </ClCompile>
    <ClCompile Include="Component\Dx11UIPanel.cpp">
      <Filter>07. Component\09. UI</Filter>
    </ClCompile>
    <ClCompile Include="Component\Dx11UISlot.cpp">
      <Filter>07. Component\09. UI</Filter>
    </ClCompile>
    <ClCompile Include="Core\Dx11CollisionManager.cpp">
      <Filter>02. Core\09. CollisionManager</Filter>
    </ClCompile>
    <ClCompile Include="Core\Dx11Debug.cpp">
      <Filter>02. Core\05. Debug</Filter>
    </ClCompile>
    <ClCompile Include="Core\Dx11Device.cpp">
      <Filter>02. Core\03. Device</Filter>
    </ClCompile>
    <ClCompile Include="Core\Dx11File.cpp">
      <Filter>02. Core\06. File</Filter>
    </ClCompile>
    <ClCompile Include="Core\Dx11Input.cpp">
      <Filter>02. Core\07. Input</Filter>
    </ClCompile>
    <ClCompile Include="Core\Dx11PathManager.cpp">
      <Filter>02. Core\06. File</Filter>
    </ClCompile>
    <ClCompile Include="Core\Dx11Scheduler.cpp">
      <Filter>02. Core\08. Scheduler</Filter>
    </ClCompile>
    <ClCompile Include="Core\Dx11Timer.cpp">
      <Filter>02. Core\04. Timer</Filter>
    </ClCompile>
    <ClCompile Include="Core\Dx11TimerManager.cpp">
      <Filter>02. Core\04. Timer</Filter>
    </ClCompile>
    <ClCompile Include="Core\Dx11Window.cpp">
      <Filter>02. Core\02. Window</Filter>
    </ClCompile>
    <ClCompile Include="Dx11Core.cpp">
      <Filter>02. Core\01. Base</Filter>
    </ClCompile>
    <ClCompile Include="Dx11Object.cpp">
      <Filter>02. Core\01. Base</Filter>
    </ClCompile>
    <ClCompile Include="Resources\Dx11Resources.cpp">
      <Filter>03. Resources\01. Base</Filter>
    </ClCompile>
    <ClCompile Include="Resources\Dx11ResourcesManager.cpp">
      <Filter>03. Resources\01. Base</Filter>
    </ClCompile>
    <ClCompile Include="Resources\Dx11FbxLoader.cpp">
      <Filter>03. Resources\02. Mesh</Filter>
    </ClCompile>
    <ClCompile Include="Resources\Dx11Mesh.cpp">
      <Filter>03. Resources\02. Mesh</Filter>
    </ClCompile>
    <ClCompile Include="Resources\Dx11Texture.cpp">
      <Filter>03. Resources\03. Texture</Filter>
    </ClCompile>
    <ClCompile Include="Rendering\Dx11RenderManager.cpp">
      <Filter>04. Rendering\01. Base</Filter>
    </ClCompile>
    <ClCompile Include="Shader\Dx11Shader.cpp">
      <Filter>04. Rendering\02. Shader</Filter>
    </ClCompile>
    <ClCompile Include="Shader\Dx11ShaderManager.cpp">
      <Filter>04. Rendering\02. Shader</Filter>
    </ClCompile>
    <ClCompile Include="Rendering\Dx11BlendState.cpp">
      <Filter>04. Rendering\03. RenderState</Filter>
    </ClCompile>
    <ClCompile Include="Rendering\Dx11DepthStencilState.cpp">
      <Filter>04. Rendering\03. RenderState</Filter>
    </ClCompile>
    <ClCompile Include="Rendering\Dx11RasterizerState.cpp">
      <Filter>04. Rendering\03. RenderState</Filter>
    </ClCompile>
    <ClCompile Include="Rendering\Dx11RenderState.cpp">
      <Filter>04. Rendering\03. RenderState</Filter>
    </ClCompile>
    <ClCompile Include="Scene\Dx11Layer.cpp">
      <Filter>05. Scene\02. Layer</Filter>
    </ClCompile>
    <ClCompile Include="Scene\Dx11Scene.cpp">
      <Filter>05. Scene\01. Scene</Filter>
    </ClCompile>
    <ClCompile Include="Scene\Dx11SceneManager.cpp">
      <Filter>05. Scene\01. Scene</Filter>
    </ClCompile>
    <ClCompile Include="GameObject\Dx11GameObject.cpp">
      <Filter>06. GameObject</Filter>
    </ClCompile>
    <ClCompile Include="GameObject\Dx11PrototypeManager.cpp">
      <Filter>06. GameObject</Filter>
    </ClCompile>
    <ClCompile Include="Component\Dx11FSM.cpp">
      <Filter>07. Component\14. FSM</Filter>
    </ClCompile>
    <ClCompile Include="AI\Dx11State.cpp">
      <Filter>08. AI</Filter>
    </ClCompile>
    <ClCompile Include="Component\Dx11ColliderAABB.cpp">
      <Filter>07. Component\08. Collider</Filter>
    </ClCompile>
    <ClCompile Include="QuadTree\QuadTree.cpp">
      <Filter>09. QuadTree</Filter>
    </ClCompile>
    <ClCompile Include="Component\DX11ColliderOBB.cpp">
      <Filter>07. Component\08. Collider</Filter>
    </ClCompile>
    <ClCompile Include="Component\DX11ColliderFrustrum.cpp">
      <Filter>07. Component\08. Collider</Filter>
    </ClCompile>
  </ItemGroup>
  <ItemGroup>
    <ClInclude Include="Component\Dx11Component.h">
      <Filter>07. Component\01. Base</Filter>
    </ClInclude>
    <ClInclude Include="Component\Dx11Animation2D.h">
      <Filter>07. Component\12. Animation</Filter>
    </ClInclude>
    <ClInclude Include="Component\Dx11Animation3D.h">
      <Filter>07. Component\12. Animation</Filter>
    </ClInclude>
    <ClInclude Include="Component\Dx11AnimationClip.h">
      <Filter>07. Component\12. Animation</Filter>
    </ClInclude>
    <ClInclude Include="Component\Dx11BillBoard.h">
      <Filter>07. Component\11. BillBoard</Filter>
    </ClInclude>
    <ClInclude Include="Component\Dx11Camera.h">
      <Filter>07. Component\05. Camera</Filter>
    </ClInclude>
    <ClInclude Include="Component\Dx11Camera3rd.h">
      <Filter>07. Component\05. Camera</Filter>
    </ClInclude>
    <ClInclude Include="Component\Dx11Collider.h">
      <Filter>07. Component\08. Collider</Filter>
    </ClInclude>
    <ClInclude Include="Component\Dx11ColliderPoint.h">
      <Filter>07. Component\08. Collider</Filter>
    </ClInclude>
    <ClInclude Include="Component\Dx11ColliderRay.h">
      <Filter>07. Component\08. Collider</Filter>
    </ClInclude>
    <ClInclude Include="Component\Dx11ColliderRC.h">
      <Filter>07. Component\08. Collider</Filter>
    </ClInclude>
    <ClInclude Include="Component\Dx11ColliderSphere.h">
      <Filter>07. Component\08. Collider</Filter>
    </ClInclude>
    <ClInclude Include="Component\Dx11ColliderTerrain.h">
      <Filter>07. Component\08. Collider</Filter>
    </ClInclude>
    <ClInclude Include="Component\Dx11Light.h">
      <Filter>07. Component\07. Light</Filter>
    </ClInclude>
    <ClInclude Include="Component\Dx11LightDir.h">
      <Filter>07. Component\07. Light</Filter>
    </ClInclude>
    <ClInclude Include="Component\Dx11LightPoint.h">
      <Filter>07. Component\07. Light</Filter>
    </ClInclude>
    <ClInclude Include="Component\Dx11Material.h">
      <Filter>07. Component\06. Material</Filter>
    </ClInclude>
    <ClInclude Include="Component\Dx11Mouse.h">
      <Filter>07. Component\10. Mouse</Filter>
    </ClInclude>
    <ClInclude Include="Component\Dx11Renderer.h">
      <Filter>07. Component\03. Renerder</Filter>
    </ClInclude>
    <ClInclude Include="Component\Dx11Script.h">
      <Filter>07. Component\04. Script</Filter>
    </ClInclude>
    <ClInclude Include="Component\Dx11Terrain.h">
      <Filter>07. Component\13. Terrian</Filter>
    </ClInclude>
    <ClInclude Include="Component\Dx11Transform.h">
      <Filter>07. Component\02. Transform</Filter>
    </ClInclude>
    <ClInclude Include="Component\Dx11UI.h">
      <Filter>07. Component\09. UI</Filter>
    </ClInclude>
    <ClInclude Include="Component\Dx11UIBar.h">
      <Filter>07. Component\09. UI</Filter>
    </ClInclude>
    <ClInclude Include="Component\Dx11UIButton.h">
      <Filter>07. Component\09. UI</Filter>
    </ClInclude>
    <ClInclude Include="Component\Dx11UIIcon.h">
      <Filter>07. Component\09. UI</Filter>
    </ClInclude>
    <ClInclude Include="Component\Dx11UIPanel.h">
      <Filter>07. Component\09. UI</Filter>
    </ClInclude>
    <ClInclude Include="Component\Dx11UISlot.h">
      <Filter>07. Component\09. UI</Filter>
    </ClInclude>
    <ClInclude Include="Core\Dx11CollisionManager.h">
      <Filter>02. Core\09. CollisionManager</Filter>
    </ClInclude>
    <ClInclude Include="Core\Dx11Debug.h">
      <Filter>02. Core\05. Debug</Filter>
    </ClInclude>
    <ClInclude Include="Core\Dx11Device.h">
      <Filter>02. Core\03. Device</Filter>
    </ClInclude>
    <ClInclude Include="Core\Dx11File.h">
      <Filter>02. Core\06. File</Filter>
    </ClInclude>
    <ClInclude Include="Core\Dx11PathManager.h">
      <Filter>02. Core\06. File</Filter>
    </ClInclude>
    <ClInclude Include="Core\Dx11Scheduler.h">
      <Filter>02. Core\08. Scheduler</Filter>
    </ClInclude>
    <ClInclude Include="Core\Dx11Timer.h">
      <Filter>02. Core\04. Timer</Filter>
    </ClInclude>
    <ClInclude Include="Core\Dx11TimerManager.h">
      <Filter>02. Core\04. Timer</Filter>
    </ClInclude>
    <ClInclude Include="Core\Dx11Window.h">
      <Filter>02. Core\02. Window</Filter>
    </ClInclude>
    <ClInclude Include="Dx11Core.h">
      <Filter>02. Core\01. Base</Filter>
    </ClInclude>
    <ClInclude Include="Dx11Object.h">
      <Filter>02. Core\01. Base</Filter>
    </ClInclude>
    <ClInclude Include="Dx11Flag.h">
      <Filter>01. Common</Filter>
    </ClInclude>
    <ClInclude Include="Dx11Macro.h">
      <Filter>01. Common</Filter>
    </ClInclude>
    <ClInclude Include="Dx11Types.h">
      <Filter>01. Common</Filter>
    </ClInclude>
    <ClInclude Include="Dx11Value.h">
      <Filter>01. Common</Filter>
    </ClInclude>
    <ClInclude Include="Key.h">
      <Filter>01. Common</Filter>
    </ClInclude>
    <ClInclude Include="Memory.h">
      <Filter>01. Common</Filter>
    </ClInclude>
    <ClInclude Include="Structure.h">
      <Filter>01. Common</Filter>
    </ClInclude>
    <ClInclude Include="Resources\Dx11ResourcesManager.h">
      <Filter>03. Resources\01. Base</Filter>
    </ClInclude>
    <ClInclude Include="Resources\Dx11Resources.h">
      <Filter>03. Resources\01. Base</Filter>
    </ClInclude>
    <ClInclude Include="Resources\Dx11Mesh.h">
      <Filter>03. Resources\02. Mesh</Filter>
    </ClInclude>
    <ClInclude Include="Resources\Dx11FbxLoader.h">
      <Filter>03. Resources\02. Mesh</Filter>
    </ClInclude>
    <ClInclude Include="Resources\DirectXTex.h">
      <Filter>03. Resources\03. Texture</Filter>
    </ClInclude>
    <ClInclude Include="Resources\Dx11Texture.h">
      <Filter>03. Resources\03. Texture</Filter>
    </ClInclude>
    <ClInclude Include="Rendering\Dx11RenderManager.h">
      <Filter>04. Rendering\01. Base</Filter>
    </ClInclude>
    <ClInclude Include="Shader\Dx11Shader.h">
      <Filter>04. Rendering\02. Shader</Filter>
    </ClInclude>
    <ClInclude Include="Shader\Dx11ShaderManager.h">
      <Filter>04. Rendering\02. Shader</Filter>
    </ClInclude>
    <ClInclude Include="Rendering\Dx11BlendState.h">
      <Filter>04. Rendering\03. RenderState</Filter>
    </ClInclude>
    <ClInclude Include="Rendering\Dx11DepthStencilState.h">
      <Filter>04. Rendering\03. RenderState</Filter>
    </ClInclude>
    <ClInclude Include="Rendering\Dx11RasterizerState.h">
      <Filter>04. Rendering\03. RenderState</Filter>
    </ClInclude>
    <ClInclude Include="Rendering\Dx11RenderState.h">
      <Filter>04. Rendering\03. RenderState</Filter>
    </ClInclude>
    <ClInclude Include="Scene\Dx11Layer.h">
      <Filter>05. Scene\02. Layer</Filter>
    </ClInclude>
    <ClInclude Include="Scene\Dx11Scene.h">
      <Filter>05. Scene\01. Scene</Filter>
    </ClInclude>
    <ClInclude Include="Scene\Dx11SceneManager.h">
      <Filter>05. Scene\01. Scene</Filter>
    </ClInclude>
    <ClInclude Include="GameObject\Dx11GameObject.h">
      <Filter>06. GameObject</Filter>
    </ClInclude>
    <ClInclude Include="GameObject\Dx11PrototypeManager.h">
      <Filter>06. GameObject</Filter>
    </ClInclude>
    <ClInclude Include="Component\Dx11FSM.h">
      <Filter>07. Component\14. FSM</Filter>
    </ClInclude>
    <ClInclude Include="AI\Dx11State.h">
      <Filter>08. AI</Filter>
    </ClInclude>
    <ClInclude Include="Core\Dx11Input.h">
      <Filter>02. Core\07. Input</Filter>
    </ClInclude>
    <ClInclude Include="Component\Dx11ColliderAABB.h">
      <Filter>07. Component\08. Collider</Filter>
    </ClInclude>
    <ClInclude Include="QuadTree\QuadTree.h">
      <Filter>09. QuadTree</Filter>
    </ClInclude>
    <ClInclude Include="Component\DX11ColliderOBB.h">
      <Filter>07. Component\08. Collider</Filter>
    </ClInclude>
    <ClInclude Include="Component\DX11ColliderFrustrum.h">
      <Filter>07. Component\08. Collider</Filter>
    </ClInclude>
  </ItemGroup>
  <ItemGroup>
    <None Include="Resources\DirectXTex.inl">
      <Filter>03. Resources\03. Texture</Filter>
    </None>
  </ItemGroup>
  <ItemGroup>
    <FxCompile Include="..\..\Resources\Shader\Effect.fx">
      <Filter>04. Rendering\02. Shader\HLSL</Filter>
    </FxCompile>
    <FxCompile Include="..\..\Resources\Shader\Share.fx">
      <Filter>04. Rendering\02. Shader\HLSL</Filter>
    </FxCompile>
    <FxCompile Include="..\..\Resources\Shader\Sky.fx">
      <Filter>04. Rendering\02. Shader\HLSL</Filter>
    </FxCompile>
    <FxCompile Include="..\..\Resources\Shader\UI.fx">
      <Filter>04. Rendering\02. Shader\HLSL</Filter>
    </FxCompile>
    <FxCompile Include="..\..\Resources\Shader\Collider.fx">
      <Filter>04. Rendering\02. Shader\HLSL</Filter>
    </FxCompile>
    <FxCompile Include="..\..\Resources\Shader\Default.fx">
      <Filter>04. Rendering\02. Shader\HLSL</Filter>
    </FxCompile>
  </ItemGroup>
</Project>